
Microsoft Visual Studio Solution File, Format Version 12.00
# Visual Studio Version 17
VisualStudioVersion = 17.10.35027.167
MinimumVisualStudioVersion = 10.0.40219.1
Project("{FAE04EC0-301F-11D3-BF4B-00C04F79EFBC}") = "ExpenseProject", "ExpenseProject\ExpenseProject.csproj", "{FCD53A82-1130-4688-BD10-409CF2B99CB8}"
EndProject
Global
	GlobalSection(SolutionConfigurationPlatforms) = preSolution
		Debug|Any CPU = Debug|Any CPU
		Release|Any CPU = Release|Any CPU
	EndGlobalSection
	GlobalSection(ProjectConfigurationPlatforms) = postSolution
		{FCD53A82-1130-4688-BD10-409CF2B99CB8}.Debug|Any CPU.ActiveCfg = Debug|Any CPU
		{FCD53A82-1130-4688-BD10-409CF2B99CB8}.Debug|Any CPU.Build.0 = Debug|Any CPU
		{FCD53A82-1130-4688-BD10-409CF2B99CB8}.Release|Any CPU.ActiveCfg = Release|Any CPU
		{FCD53A82-1130-4688-BD10-409CF2B99CB8}.Release|Any CPU.Build.0 = Release|Any CPU
	EndGlobalSection
	GlobalSection(SolutionProperties) = preSolution
		HideSolutionNode = FALSE
	EndGlobalSection
	GlobalSection(ExtensibilityGlobals) = postSolution
		SolutionGuid = {2A8B94B5-C6BE-4E37-B24C-87B2BFAAE24E}
	EndGlobalSection
EndGlobal
